
Microsoft Visual Studio Solution File, Format Version 12.00
# Visual Studio 2017
Project("{FAE04EC0-301F-11D3-BF4B-00C04F79EFBC}") = "AStar", "AStar.csproj", "{52F71EA9-1B6E-9B88-1122-440FD3EA81BF}"
EndProject
Global
	GlobalSection(SolutionConfigurationPlatforms) = preSolution
		Debug|Any CPU = Debug|Any CPU
		Release|Any CPU = Release|Any CPU
	EndGlobalSection
	GlobalSection(ProjectConfigurationPlatforms) = postSolution
		{52F71EA9-1B6E-9B88-1122-440FD3EA81BF}.Debug|Any CPU.ActiveCfg = Debug|Any CPU
		{52F71EA9-1B6E-9B88-1122-440FD3EA81BF}.Debug|Any CPU.Build.0 = Debug|Any CPU
		{52F71EA9-1B6E-9B88-1122-440FD3EA81BF}.Release|Any CPU.ActiveCfg = Release|Any CPU
		{52F71EA9-1B6E-9B88-1122-440FD3EA81BF}.Release|Any CPU.Build.0 = Release|Any CPU
	EndGlobalSection
	GlobalSection(SolutionProperties) = preSolution
		HideSolutionNode = FALSE
	EndGlobalSection
EndGlobal
